
Microsoft Visual Studio Solution File, Format Version 12.00
# Visual Studio 15
VisualStudioVersion = 15.0.27130.0
MinimumVisualStudioVersion = 10.0.40219.1
Project("{FAE04EC0-301F-11D3-BF4B-00C04F79EFBC}") = "ControllerInheritance", "ControllerInheritance\ControllerInheritance.csproj", "{0575DCF2-5511-4E7F-AE52-1F92CDA3337B}"
EndProject
Project("{FAE04EC0-301F-11D3-BF4B-00C04F79EFBC}") = "Specialization", "Specialization\Specialization.csproj", "{D31C2EC4-C604-43C4-BC9F-D53684D48ACF}"
EndProject
Global
	GlobalSection(SolutionConfigurationPlatforms) = preSolution
		Debug|Any CPU = Debug|Any CPU
		Release|Any CPU = Release|Any CPU
	EndGlobalSection
	GlobalSection(ProjectConfigurationPlatforms) = postSolution
		{0575DCF2-5511-4E7F-AE52-1F92CDA3337B}.Debug|Any CPU.ActiveCfg = Debug|Any CPU
		{0575DCF2-5511-4E7F-AE52-1F92CDA3337B}.Debug|Any CPU.Build.0 = Debug|Any CPU
		{0575DCF2-5511-4E7F-AE52-1F92CDA3337B}.Release|Any CPU.ActiveCfg = Release|Any CPU
		{0575DCF2-5511-4E7F-AE52-1F92CDA3337B}.Release|Any CPU.Build.0 = Release|Any CPU
		{D31C2EC4-C604-43C4-BC9F-D53684D48ACF}.Debug|Any CPU.ActiveCfg = Debug|Any CPU
		{D31C2EC4-C604-43C4-BC9F-D53684D48ACF}.Debug|Any CPU.Build.0 = Debug|Any CPU
		{D31C2EC4-C604-43C4-BC9F-D53684D48ACF}.Release|Any CPU.ActiveCfg = Release|Any CPU
		{D31C2EC4-C604-43C4-BC9F-D53684D48ACF}.Release|Any CPU.Build.0 = Release|Any CPU
	EndGlobalSection
	GlobalSection(SolutionProperties) = preSolution
		HideSolutionNode = FALSE
	EndGlobalSection
	GlobalSection(ExtensibilityGlobals) = postSolution
		SolutionGuid = {78BD76B3-194E-4216-882A-677B6FC54D58}
	EndGlobalSection
EndGlobal
